
Microsoft Visual Studio Solution File, Format Version 12.00
# Visual Studio Version 16
VisualStudioVersion = 16.0.29728.190
MinimumVisualStudioVersion = 10.0.40219.1
Project("{FAE04EC0-301F-11D3-BF4B-00C04F79EFBC}") = "oboi star", "oboi star\oboi star.csproj", "{8BBFDEC9-AC6C-4032-8812-A286812AE08E}"
EndProject
Global
	GlobalSection(SolutionConfigurationPlatforms) = preSolution
		Debug|Any CPU = Debug|Any CPU
		Release|Any CPU = Release|Any CPU
	EndGlobalSection
	GlobalSection(ProjectConfigurationPlatforms) = postSolution
		{8BBFDEC9-AC6C-4032-8812-A286812AE08E}.Debug|Any CPU.ActiveCfg = Debug|Any CPU
		{8BBFDEC9-AC6C-4032-8812-A286812AE08E}.Debug|Any CPU.Build.0 = Debug|Any CPU
		{8BBFDEC9-AC6C-4032-8812-A286812AE08E}.Release|Any CPU.ActiveCfg = Release|Any CPU
		{8BBFDEC9-AC6C-4032-8812-A286812AE08E}.Release|Any CPU.Build.0 = Release|Any CPU
	EndGlobalSection
	GlobalSection(SolutionProperties) = preSolution
		HideSolutionNode = FALSE
	EndGlobalSection
	GlobalSection(ExtensibilityGlobals) = postSolution
		SolutionGuid = {A1C075B9-FD27-4978-9476-1807A6FD3378}
	EndGlobalSection
EndGlobal
